
Microsoft Visual Studio Solution File, Format Version 12.00
Project("{2150E333-8FDC-42A3-9474-1A3956D46DE8}") = "src", "src", "{827E0CD3-B72D-47B6-A68D-7590B98EB39B}"
EndProject
Project("{FAE04EC0-301F-11D3-BF4B-00C04F79EFBC}") = "ConsoleMVC", "src\ConsoleMVC\ConsoleMVC.csproj", "{535A5E99-72AE-4078-B9E3-CCFDE6E8D39D}"
EndProject
Project("{FAE04EC0-301F-11D3-BF4B-00C04F79EFBC}") = "ConsoleMVC.Generators", "src\ConsoleMVC.Generators\ConsoleMVC.Generators.csproj", "{1B28B670-0957-4871-82DB-A391F1F0B4C8}"
EndProject
Project("{FAE04EC0-301F-11D3-BF4B-00C04F79EFBC}") = "ConsoleMVC.Template", "ConsoleMVC.Template.csproj", "{B9313D84-BEB2-4249-BB3A-FF85C2F80ABB}"
EndProject
Global
	GlobalSection(SolutionConfigurationPlatforms) = preSolution
		Debug|Any CPU = Debug|Any CPU
		Debug|x64 = Debug|x64
		Debug|x86 = Debug|x86
		Release|Any CPU = Release|Any CPU
		Release|x64 = Release|x64
		Release|x86 = Release|x86
	EndGlobalSection
	GlobalSection(ProjectConfigurationPlatforms) = postSolution
		{535A5E99-72AE-4078-B9E3-CCFDE6E8D39D}.Debug|Any CPU.ActiveCfg = Debug|Any CPU
		{535A5E99-72AE-4078-B9E3-CCFDE6E8D39D}.Debug|Any CPU.Build.0 = Debug|Any CPU
		{535A5E99-72AE-4078-B9E3-CCFDE6E8D39D}.Debug|x64.ActiveCfg = Debug|Any CPU
		{535A5E99-72AE-4078-B9E3-CCFDE6E8D39D}.Debug|x64.Build.0 = Debug|Any CPU
		{535A5E99-72AE-4078-B9E3-CCFDE6E8D39D}.Debug|x86.ActiveCfg = Debug|Any CPU
		{535A5E99-72AE-4078-B9E3-CCFDE6E8D39D}.Debug|x86.Build.0 = Debug|Any CPU
		{535A5E99-72AE-4078-B9E3-CCFDE6E8D39D}.Release|Any CPU.ActiveCfg = Release|Any CPU
		{535A5E99-72AE-4078-B9E3-CCFDE6E8D39D}.Release|Any CPU.Build.0 = Release|Any CPU
		{535A5E99-72AE-4078-B9E3-CCFDE6E8D39D}.Release|x64.ActiveCfg = Release|Any CPU
		{535A5E99-72AE-4078-B9E3-CCFDE6E8D39D}.Release|x64.Build.0 = Release|Any CPU
		{535A5E99-72AE-4078-B9E3-CCFDE6E8D39D}.Release|x86.ActiveCfg = Release|Any CPU
		{535A5E99-72AE-4078-B9E3-CCFDE6E8D39D}.Release|x86.Build.0 = Release|Any CPU
		{1B28B670-0957-4871-82DB-A391F1F0B4C8}.Debug|Any CPU.ActiveCfg = Debug|Any CPU
		{1B28B670-0957-4871-82DB-A391F1F0B4C8}.Debug|Any CPU.Build.0 = Debug|Any CPU
		{1B28B670-0957-4871-82DB-A391F1F0B4C8}.Debug|x64.ActiveCfg = Debug|Any CPU
		{1B28B670-0957-4871-82DB-A391F1F0B4C8}.Debug|x64.Build.0 = Debug|Any CPU
		{1B28B670-0957-4871-82DB-A391F1F0B4C8}.Debug|x86.ActiveCfg = Debug|Any CPU
		{1B28B670-0957-4871-82DB-A391F1F0B4C8}.Debug|x86.Build.0 = Debug|Any CPU
		{1B28B670-0957-4871-82DB-A391F1F0B4C8}.Release|Any CPU.ActiveCfg = Release|Any CPU
		{1B28B670-0957-4871-82DB-A391F1F0B4C8}.Release|Any CPU.Build.0 = Release|Any CPU
		{1B28B670-0957-4871-82DB-A391F1F0B4C8}.Release|x64.ActiveCfg = Release|Any CPU
		{1B28B670-0957-4871-82DB-A391F1F0B4C8}.Release|x64.Build.0 = Release|Any CPU
		{1B28B670-0957-4871-82DB-A391F1F0B4C8}.Release|x86.ActiveCfg = Release|Any CPU
		{1B28B670-0957-4871-82DB-A391F1F0B4C8}.Release|x86.Build.0 = Release|Any CPU
		{B9313D84-BEB2-4249-BB3A-FF85C2F80ABB}.Debug|Any CPU.ActiveCfg = Debug|Any CPU
		{B9313D84-BEB2-4249-BB3A-FF85C2F80ABB}.Debug|Any CPU.Build.0 = Debug|Any CPU
		{B9313D84-BEB2-4249-BB3A-FF85C2F80ABB}.Debug|x64.ActiveCfg = Debug|Any CPU
		{B9313D84-BEB2-4249-BB3A-FF85C2F80ABB}.Debug|x64.Build.0 = Debug|Any CPU
		{B9313D84-BEB2-4249-BB3A-FF85C2F80ABB}.Debug|x86.ActiveCfg = Debug|Any CPU
		{B9313D84-BEB2-4249-BB3A-FF85C2F80ABB}.Debug|x86.Build.0 = Debug|Any CPU
		{B9313D84-BEB2-4249-BB3A-FF85C2F80ABB}.Release|Any CPU.ActiveCfg = Release|Any CPU
		{B9313D84-BEB2-4249-BB3A-FF85C2F80ABB}.Release|Any CPU.Build.0 = Release|Any CPU
		{B9313D84-BEB2-4249-BB3A-FF85C2F80ABB}.Release|x64.ActiveCfg = Release|Any CPU
		{B9313D84-BEB2-4249-BB3A-FF85C2F80ABB}.Release|x64.Build.0 = Release|Any CPU
		{B9313D84-BEB2-4249-BB3A-FF85C2F80ABB}.Release|x86.ActiveCfg = Release|Any CPU
		{B9313D84-BEB2-4249-BB3A-FF85C2F80ABB}.Release|x86.Build.0 = Release|Any CPU
	EndGlobalSection
	GlobalSection(SolutionProperties) = preSolution
		HideSolutionNode = FALSE
	EndGlobalSection
	GlobalSection(NestedProjects) = preSolution
		{535A5E99-72AE-4078-B9E3-CCFDE6E8D39D} = {827E0CD3-B72D-47B6-A68D-7590B98EB39B}
		{1B28B670-0957-4871-82DB-A391F1F0B4C8} = {827E0CD3-B72D-47B6-A68D-7590B98EB39B}
	EndGlobalSection
EndGlobal
